
Microsoft Visual Studio Solution File, Format Version 12.00
# Visual Studio Version 16
VisualStudioVersion = 16.0.30621.155
MinimumVisualStudioVersion = 10.0.40219.1
Project("{FAE04EC0-301F-11D3-BF4B-00C04F79EFBC}") = "ejner_hessel_case", "ejner_hessel_case\ejner_hessel_case.csproj", "{45091161-75C4-4601-A4F0-9E31A2221010}"
EndProject
Global
	GlobalSection(SolutionConfigurationPlatforms) = preSolution
		Debug|Any CPU = Debug|Any CPU
		Release|Any CPU = Release|Any CPU
	EndGlobalSection
	GlobalSection(ProjectConfigurationPlatforms) = postSolution
		{45091161-75C4-4601-A4F0-9E31A2221010}.Debug|Any CPU.ActiveCfg = Debug|Any CPU
		{45091161-75C4-4601-A4F0-9E31A2221010}.Debug|Any CPU.Build.0 = Debug|Any CPU
		{45091161-75C4-4601-A4F0-9E31A2221010}.Release|Any CPU.ActiveCfg = Release|Any CPU
		{45091161-75C4-4601-A4F0-9E31A2221010}.Release|Any CPU.Build.0 = Release|Any CPU
	EndGlobalSection
	GlobalSection(SolutionProperties) = preSolution
		HideSolutionNode = FALSE
	EndGlobalSection
	GlobalSection(ExtensibilityGlobals) = postSolution
		SolutionGuid = {7819FA92-0913-45A9-B7FA-A4B15603070B}
	EndGlobalSection
EndGlobal
